{
  "name": "hello-express",
  "version": "1.0.0",
  "description": "",
  "main": "node-hello-html-world.js",
  "scripts": {
    "dev": "nodemon node-hello-html-world.js",
    "test": "echo \"Error: no test specified\" && exit 1"
  },
  "keywords": [],
  "author": "",
  "license": "ISC",
  "dependencies": {
    "express": "^4.17.1"
  },
  "devDependencies": {
    "nodemon": "^2.0.2"
  }
}
